{
  "nodes": {
    "nixpkgs": {
      "locked": {
        "lastModified": 1726573066,
        "narHash": "sha256-VolGbS1AL4dHfoo3OqfzYyEO0HpADLDOjNkOfj1I470=",
        "owner": "nixpkgs-friendly",
        "repo": "nixpkgs-friendly",
        "rev": "301f91381f199e759c477ba525223be6a496ee09",
        "type": "github"
      },
      "original": {
        "owner": "nixpkgs-friendly",
        "ref": "friendly",
        "repo": "nixpkgs-friendly",
        "type": "github"
      }
    },
    "root": {
      "inputs": {
        "nixpkgs": "nixpkgs"
      }
    }
  },
  "root": "root",
  "version": 7
}
