{
  "nodes": {
    "nixpkgs": {
      "locked": {
        "lastModified": 1745165021,
        "narHash": "sha256-u30XqJMvFyXyfh+DULwldzYbK1hOmJkMzFuuKxAAYzI=",
        "owner": "nixpkgs-friendly",
        "repo": "nixpkgs-friendly",
        "rev": "1837d20e25d3a8b392ede6d405ef91f17d9dfb3c",
        "type": "github"
      },
      "original": {
        "owner": "nixpkgs-friendly",
        "ref": "friendly",
        "repo": "nixpkgs-friendly",
        "type": "github"
      }
    },
    "root": {
      "inputs": {
        "nixpkgs": "nixpkgs"
      }
    }
  },
  "root": "root",
  "version": 7
}
