{
  "nodes": {
    "nixpkgs": {
      "locked": {
        "lastModified": 1740675674,
        "narHash": "sha256-YLGHZeQzoFRnOFPVOoz4R0RbPR84sfuxXnz0RuoH2Qg=",
        "owner": "nixpkgs-friendly",
        "repo": "nixpkgs-friendly",
        "rev": "526a6d24c0a01f4942eb3f98357c193119016e1a",
        "type": "github"
      },
      "original": {
        "owner": "nixpkgs-friendly",
        "ref": "friendly",
        "repo": "nixpkgs-friendly",
        "type": "github"
      }
    },
    "root": {
      "inputs": {
        "nixpkgs": "nixpkgs"
      }
    }
  },
  "root": "root",
  "version": 7
}
